// !$*UTF8*$!
{
	archiveVersion = 1;
	classes = {
	};
	objectVersion = 46;
	objects = {

/* Begin PBXBuildFile section */
		4C1DEEE81D187DF000A7F42E /* AppDelegate.swift in Sources */ = {isa = PBXBuildFile; fileRef = 4C1DEEE71D187DF000A7F42E /* AppDelegate.swift */; };
		4C1DEEEA1D187DF000A7F42E /* ImageViewController.swift in Sources */ = {isa = PBXBuildFile; fileRef = 4C1DEEE91D187DF000A7F42E /* ImageViewController.swift */; };
		4C1DEEED1D187DF000A7F42E /* Main.storyboard in Resources */ = {isa = PBXBuildFile; fileRef = 4C1DEEEB1D187DF000A7F42E /* Main.storyboard */; };
		4C1DEEEF1D187DF000A7F42E /* Assets.xcassets in Resources */ = {isa = PBXBuildFile; fileRef = 4C1DEEEE1D187DF000A7F42E /* Assets.xcassets */; };
		4C1DEEF21D187DF000A7F42E /* LaunchScreen.storyboard in Resources */ = {isa = PBXBuildFile; fileRef = 4C1DEEF01D187DF000A7F42E /* LaunchScreen.storyboard */; };
		4C1DEEFD1D1885D300A7F42E /* Setup.swift in Sources */ = {isa = PBXBuildFile; fileRef = 4C1DEEFC1D1885D300A7F42E /* Setup.swift */; };
		4C4821771D1B37B1003B7C65 /* GalleryViewController.swift in Sources */ = {isa = PBXBuildFile; fileRef = 4C4821761D1B37B1003B7C65 /* GalleryViewController.swift */; };
		4C4821791D1B3A04003B7C65 /* GalleryCustomFlowLayout.swift in Sources */ = {isa = PBXBuildFile; fileRef = 4C4821781D1B3A04003B7C65 /* GalleryCustomFlowLayout.swift */; };
		4C48217B1D1B3C2E003B7C65 /* ImageCollectionViewCell.swift in Sources */ = {isa = PBXBuildFile; fileRef = 4C48217A1D1B3C2E003B7C65 /* ImageCollectionViewCell.swift */; };
		4C5F5D2C1D19E0F100D74F55 /* CloudKit.framework in Frameworks */ = {isa = PBXBuildFile; fileRef = 4C5F5D2B1D19E0F100D74F55 /* CloudKit.framework */; };
		4C5F5D2E1D19E1B800D74F55 /* Post.swift in Sources */ = {isa = PBXBuildFile; fileRef = 4C5F5D2D1D19E1B800D74F55 /* Post.swift */; };
		4C5F5D301D19E21100D74F55 /* Additions.swift in Sources */ = {isa = PBXBuildFile; fileRef = 4C5F5D2F1D19E21100D74F55 /* Additions.swift */; };
		4C5F5D321D19E44600D74F55 /* ModelAdditions.swift in Sources */ = {isa = PBXBuildFile; fileRef = 4C5F5D311D19E44600D74F55 /* ModelAdditions.swift */; };
		4C5F5D351D19E71A00D74F55 /* Filters.swift in Sources */ = {isa = PBXBuildFile; fileRef = 4C5F5D341D19E71A00D74F55 /* Filters.swift */; };
		4C5F5D371D19EDE800D74F55 /* API.swift in Sources */ = {isa = PBXBuildFile; fileRef = 4C5F5D361D19EDE800D74F55 /* API.swift */; };
		4C8A98AC1D1C7A5A006F1EC2 /* FiltersPreviewViewController.swift in Sources */ = {isa = PBXBuildFile; fileRef = 4C8A98AB1D1C7A5A006F1EC2 /* FiltersPreviewViewController.swift */; };
		4C8A98AE1D1C85E5006F1EC2 /* FiltersPreviewViewControllerDelegate.swift in Sources */ = {isa = PBXBuildFile; fileRef = 4C8A98AD1D1C85E5006F1EC2 /* FiltersPreviewViewControllerDelegate.swift */; };
/* End PBXBuildFile section */

/* Begin PBXFileReference section */
		4C1DEEE41D187DF000A7F42E /* INSTGRM.app */ = {isa = PBXFileReference; explicitFileType = wrapper.application; includeInIndex = 0; path = INSTGRM.app; sourceTree = BUILT_PRODUCTS_DIR; };
		4C1DEEE71D187DF000A7F42E /* AppDelegate.swift */ = {isa = PBXFileReference; lastKnownFileType = sourcecode.swift; path = AppDelegate.swift; sourceTree = "<group>"; };
		4C1DEEE91D187DF000A7F42E /* ImageViewController.swift */ = {isa = PBXFileReference; lastKnownFileType = sourcecode.swift; path = ImageViewController.swift; sourceTree = "<group>"; };
		4C1DEEEC1D187DF000A7F42E /* Base */ = {isa = PBXFileReference; lastKnownFileType = file.storyboard; name = Base; path = Base.lproj/Main.storyboard; sourceTree = "<group>"; };
		4C1DEEEE1D187DF000A7F42E /* Assets.xcassets */ = {isa = PBXFileReference; lastKnownFileType = folder.assetcatalog; path = Assets.xcassets; sourceTree = "<group>"; };
		4C1DEEF11D187DF000A7F42E /* Base */ = {isa = PBXFileReference; lastKnownFileType = file.storyboard; name = Base; path = Base.lproj/LaunchScreen.storyboard; sourceTree = "<group>"; };
		4C1DEEF31D187DF000A7F42E /* Info.plist */ = {isa = PBXFileReference; lastKnownFileType = text.plist.xml; path = Info.plist; sourceTree = "<group>"; };
		4C1DEEFC1D1885D300A7F42E /* Setup.swift */ = {isa = PBXFileReference; fileEncoding = 4; lastKnownFileType = sourcecode.swift; path = Setup.swift; sourceTree = "<group>"; };
		4C4821761D1B37B1003B7C65 /* GalleryViewController.swift */ = {isa = PBXFileReference; fileEncoding = 4; lastKnownFileType = sourcecode.swift; path = GalleryViewController.swift; sourceTree = "<group>"; };
		4C4821781D1B3A04003B7C65 /* GalleryCustomFlowLayout.swift */ = {isa = PBXFileReference; fileEncoding = 4; lastKnownFileType = sourcecode.swift; path = GalleryCustomFlowLayout.swift; sourceTree = "<group>"; };
		4C48217A1D1B3C2E003B7C65 /* ImageCollectionViewCell.swift */ = {isa = PBXFileReference; fileEncoding = 4; lastKnownFileType = sourcecode.swift; path = ImageCollectionViewCell.swift; sourceTree = "<group>"; };
		4C5F5D261D19DEE300D74F55 /* INSTGRM.entitlements */ = {isa = PBXFileReference; lastKnownFileType = text.xml; path = INSTGRM.entitlements; sourceTree = "<group>"; };
		4C5F5D2B1D19E0F100D74F55 /* CloudKit.framework */ = {isa = PBXFileReference; lastKnownFileType = wrapper.framework; name = CloudKit.framework; path = System/Library/Frameworks/CloudKit.framework; sourceTree = SDKROOT; };
		4C5F5D2D1D19E1B800D74F55 /* Post.swift */ = {isa = PBXFileReference; fileEncoding = 4; lastKnownFileType = sourcecode.swift; path = Post.swift; sourceTree = "<group>"; };
		4C5F5D2F1D19E21100D74F55 /* Additions.swift */ = {isa = PBXFileReference; fileEncoding = 4; lastKnownFileType = sourcecode.swift; path = Additions.swift; sourceTree = "<group>"; };
		4C5F5D311D19E44600D74F55 /* ModelAdditions.swift */ = {isa = PBXFileReference; fileEncoding = 4; lastKnownFileType = sourcecode.swift; path = ModelAdditions.swift; sourceTree = "<group>"; };
		4C5F5D341D19E71A00D74F55 /* Filters.swift */ = {isa = PBXFileReference; fileEncoding = 4; lastKnownFileType = sourcecode.swift; path = Filters.swift; sourceTree = "<group>"; };
		4C5F5D361D19EDE800D74F55 /* API.swift */ = {isa = PBXFileReference; fileEncoding = 4; lastKnownFileType = sourcecode.swift; path = API.swift; sourceTree = "<group>"; };
		4C8A98AB1D1C7A5A006F1EC2 /* FiltersPreviewViewController.swift */ = {isa = PBXFileReference; fileEncoding = 4; lastKnownFileType = sourcecode.swift; path = FiltersPreviewViewController.swift; sourceTree = "<group>"; };
		4C8A98AD1D1C85E5006F1EC2 /* FiltersPreviewViewControllerDelegate.swift */ = {isa = PBXFileReference; fileEncoding = 4; lastKnownFileType = sourcecode.swift; path = FiltersPreviewViewControllerDelegate.swift; sourceTree = "<group>"; };
/* End PBXFileReference section */

/* Begin PBXFrameworksBuildPhase section */
		4C1DEEE11D187DF000A7F42E /* Frameworks */ = {
			isa = PBXFrameworksBuildPhase;
			buildActionMask = 2147483647;
			files = (
				4C5F5D2C1D19E0F100D74F55 /* CloudKit.framework in Frameworks */,
			);
			runOnlyForDeploymentPostprocessing = 0;
		};
/* End PBXFrameworksBuildPhase section */

/* Begin PBXGroup section */
		4C1DEEDB1D187DF000A7F42E = {
			isa = PBXGroup;
			children = (
				4C5F5D2B1D19E0F100D74F55 /* CloudKit.framework */,
				4C1DEEE61D187DF000A7F42E /* INSTGRM */,
				4C1DEEE51D187DF000A7F42E /* Products */,
			);
			sourceTree = "<group>";
		};
		4C1DEEE51D187DF000A7F42E /* Products */ = {
			isa = PBXGroup;
			children = (
				4C1DEEE41D187DF000A7F42E /* INSTGRM.app */,
			);
			name = Products;
			sourceTree = "<group>";
		};
		4C1DEEE61D187DF000A7F42E /* INSTGRM */ = {
			isa = PBXGroup;
			children = (
				4C5F5D331D19E70200D74F55 /* Model */,
				4C5F5D261D19DEE300D74F55 /* INSTGRM.entitlements */,
				4C1DEEFB1D18803600A7F42E /* App Global */,
				4C1DEEFA1D18801300A7F42E /* Controller */,
				4C1DEEF91D187FFF00A7F42E /* View */,
			);
			path = INSTGRM;
			sourceTree = "<group>";
		};
		4C1DEEF91D187FFF00A7F42E /* View */ = {
			isa = PBXGroup;
			children = (
				4C1DEEEE1D187DF000A7F42E /* Assets.xcassets */,
				4C1DEEF01D187DF000A7F42E /* LaunchScreen.storyboard */,
				4C1DEEEB1D187DF000A7F42E /* Main.storyboard */,
				4C4821781D1B3A04003B7C65 /* GalleryCustomFlowLayout.swift */,
				4C48217A1D1B3C2E003B7C65 /* ImageCollectionViewCell.swift */,
			);
			name = View;
			sourceTree = "<group>";
		};
		4C1DEEFA1D18801300A7F42E /* Controller */ = {
			isa = PBXGroup;
			children = (
				4C8A98AB1D1C7A5A006F1EC2 /* FiltersPreviewViewController.swift */,
				4C4821761D1B37B1003B7C65 /* GalleryViewController.swift */,
				4C1DEEE91D187DF000A7F42E /* ImageViewController.swift */,
			);
			name = Controller;
			sourceTree = "<group>";
		};
		4C1DEEFB1D18803600A7F42E /* App Global */ = {
			isa = PBXGroup;
			children = (
				4C8A98AD1D1C85E5006F1EC2 /* FiltersPreviewViewControllerDelegate.swift */,
				4C5F5D361D19EDE800D74F55 /* API.swift */,
				4C1DEEF31D187DF000A7F42E /* Info.plist */,
				4C1DEEE71D187DF000A7F42E /* AppDelegate.swift */,
				4C1DEEFC1D1885D300A7F42E /* Setup.swift */,
				4C5F5D2F1D19E21100D74F55 /* Additions.swift */,
				4C5F5D311D19E44600D74F55 /* ModelAdditions.swift */,
			);
			name = "App Global";
			sourceTree = "<group>";
		};
		4C5F5D331D19E70200D74F55 /* Model */ = {
			isa = PBXGroup;
			children = (
				4C5F5D2D1D19E1B800D74F55 /* Post.swift */,
				4C5F5D341D19E71A00D74F55 /* Filters.swift */,
			);
			name = Model;
			sourceTree = "<group>";
		};
/* End PBXGroup section */

/* Begin PBXNativeTarget section */
		4C1DEEE31D187DF000A7F42E /* INSTGRM */ = {
			isa = PBXNativeTarget;
			buildConfigurationList = 4C1DEEF61D187DF000A7F42E /* Build configuration list for PBXNativeTarget "INSTGRM" */;
			buildPhases = (
				4C1DEEE01D187DF000A7F42E /* Sources */,
				4C1DEEE11D187DF000A7F42E /* Frameworks */,
				4C1DEEE21D187DF000A7F42E /* Resources */,
			);
			buildRules = (
			);
			dependencies = (
			);
			name = INSTGRM;
			productName = INSTGRM;
			productReference = 4C1DEEE41D187DF000A7F42E /* INSTGRM.app */;
			productType = "com.apple.product-type.application";
		};
/* End PBXNativeTarget section */

/* Begin PBXProject section */
		4C1DEEDC1D187DF000A7F42E /* Project object */ = {
			isa = PBXProject;
			attributes = {
				LastSwiftUpdateCheck = 0730;
				LastUpgradeCheck = 0730;
				ORGANIZATIONNAME = "Michael Sweeney";
				TargetAttributes = {
					4C1DEEE31D187DF000A7F42E = {
						CreatedOnToolsVersion = 7.3.1;
						DevelopmentTeam = NXQBD8W8TS;
						SystemCapabilities = {
							com.apple.iCloud = {
								enabled = 1;
							};
						};
					};
				};
			};
			buildConfigurationList = 4C1DEEDF1D187DF000A7F42E /* Build configuration list for PBXProject "INSTGRM" */;
			compatibilityVersion = "Xcode 3.2";
			developmentRegion = English;
			hasScannedForEncodings = 0;
			knownRegions = (
				en,
				Base,
			);
			mainGroup = 4C1DEEDB1D187DF000A7F42E;
			productRefGroup = 4C1DEEE51D187DF000A7F42E /* Products */;
			projectDirPath = "";
			projectRoot = "";
			targets = (
				4C1DEEE31D187DF000A7F42E /* INSTGRM */,
			);
		};
/* End PBXProject section */

/* Begin PBXResourcesBuildPhase section */
		4C1DEEE21D187DF000A7F42E /* Resources */ = {
			isa = PBXResourcesBuildPhase;
			buildActionMask = 2147483647;
			files = (
				4C1DEEF21D187DF000A7F42E /* LaunchScreen.storyboard in Resources */,
				4C1DEEEF1D187DF000A7F42E /* Assets.xcassets in Resources */,
				4C1DEEED1D187DF000A7F42E /* Main.storyboard in Resources */,
			);
			runOnlyForDeploymentPostprocessing = 0;
		};
/* End PBXResourcesBuildPhase section */

/* Begin PBXSourcesBuildPhase section */
		4C1DEEE01D187DF000A7F42E /* Sources */ = {
			isa = PBXSourcesBuildPhase;
			buildActionMask = 2147483647;
			files = (
				4C5F5D351D19E71A00D74F55 /* Filters.swift in Sources */,
				4C48217B1D1B3C2E003B7C65 /* ImageCollectionViewCell.swift in Sources */,
				4C1DEEEA1D187DF000A7F42E /* ImageViewController.swift in Sources */,
				4C5F5D321D19E44600D74F55 /* ModelAdditions.swift in Sources */,
				4C4821791D1B3A04003B7C65 /* GalleryCustomFlowLayout.swift in Sources */,
				4C5F5D301D19E21100D74F55 /* Additions.swift in Sources */,
				4C1DEEFD1D1885D300A7F42E /* Setup.swift in Sources */,
				4C8A98AC1D1C7A5A006F1EC2 /* FiltersPreviewViewController.swift in Sources */,
				4C1DEEE81D187DF000A7F42E /* AppDelegate.swift in Sources */,
				4C8A98AE1D1C85E5006F1EC2 /* FiltersPreviewViewControllerDelegate.swift in Sources */,
				4C4821771D1B37B1003B7C65 /* GalleryViewController.swift in Sources */,
				4C5F5D371D19EDE800D74F55 /* API.swift in Sources */,
				4C5F5D2E1D19E1B800D74F55 /* Post.swift in Sources */,
			);
			runOnlyForDeploymentPostprocessing = 0;
		};
/* End PBXSourcesBuildPhase section */

/* Begin PBXVariantGroup section */
		4C1DEEEB1D187DF000A7F42E /* Main.storyboard */ = {
			isa = PBXVariantGroup;
			children = (
				4C1DEEEC1D187DF000A7F42E /* Base */,
			);
			name = Main.storyboard;
			sourceTree = "<group>";
		};
		4C1DEEF01D187DF000A7F42E /* LaunchScreen.storyboard */ = {
			isa = PBXVariantGroup;
			children = (
				4C1DEEF11D187DF000A7F42E /* Base */,
			);
			name = LaunchScreen.storyboard;
			sourceTree = "<group>";
		};
/* End PBXVariantGroup section */

/* Begin XCBuildConfiguration section */
		4C1DEEF41D187DF000A7F42E /* Debug */ = {
			isa = XCBuildConfiguration;
			buildSettings = {
				ALWAYS_SEARCH_USER_PATHS = NO;
				CLANG_ANALYZER_NONNULL = YES;
				CLANG_CXX_LANGUAGE_STANDARD = "gnu++0x";
				CLANG_CXX_LIBRARY = "libc++";
				CLANG_ENABLE_MODULES = YES;
				CLANG_ENABLE_OBJC_ARC = YES;
				CLANG_WARN_BOOL_CONVERSION = YES;
				CLANG_WARN_CONSTANT_CONVERSION = YES;
				CLANG_WARN_DIRECT_OBJC_ISA_USAGE = YES_ERROR;
				CLANG_WARN_EMPTY_BODY = YES;
				CLANG_WARN_ENUM_CONVERSION = YES;
				CLANG_WARN_INT_CONVERSION = YES;
				CLANG_WARN_OBJC_ROOT_CLASS = YES_ERROR;
				CLANG_WARN_UNREACHABLE_CODE = YES;
				CLANG_WARN__DUPLICATE_METHOD_MATCH = YES;
				"CODE_SIGN_IDENTITY[sdk=iphoneos*]" = "iPhone Developer";
				COPY_PHASE_STRIP = NO;
				DEBUG_INFORMATION_FORMAT = dwarf;
				ENABLE_STRICT_OBJC_MSGSEND = YES;
				ENABLE_TESTABILITY = YES;
				GCC_C_LANGUAGE_STANDARD = gnu99;
				GCC_DYNAMIC_NO_PIC = NO;
				GCC_NO_COMMON_BLOCKS = YES;
				GCC_OPTIMIZATION_LEVEL = 0;
				GCC_PREPROCESSOR_DEFINITIONS = (
					"DEBUG=1",
					"$(inherited)",
				);
				GCC_WARN_64_TO_32_BIT_CONVERSION = YES;
				GCC_WARN_ABOUT_RETURN_TYPE = YES_ERROR;
				GCC_WARN_UNDECLARED_SELECTOR = YES;
				GCC_WARN_UNINITIALIZED_AUTOS = YES_AGGRESSIVE;
				GCC_WARN_UNUSED_FUNCTION = YES;
				GCC_WARN_UNUSED_VARIABLE = YES;
				IPHONEOS_DEPLOYMENT_TARGET = 9.3;
				MTL_ENABLE_DEBUG_INFO = YES;
				ONLY_ACTIVE_ARCH = YES;
				SDKROOT = iphoneos;
				SWIFT_OPTIMIZATION_LEVEL = "-Onone";
				TARGETED_DEVICE_FAMILY = "1,2";
			};
			name = Debug;
		};
		4C1DEEF51D187DF000A7F42E /* Release */ = {
			isa = XCBuildConfiguration;
			buildSettings = {
				ALWAYS_SEARCH_USER_PATHS = NO;
				CLANG_ANALYZER_NONNULL = YES;
				CLANG_CXX_LANGUAGE_STANDARD = "gnu++0x";
				CLANG_CXX_LIBRARY = "libc++";
				CLANG_ENABLE_MODULES = YES;
				CLANG_ENABLE_OBJC_ARC = YES;
				CLANG_WARN_BOOL_CONVERSION = YES;
				CLANG_WARN_CONSTANT_CONVERSION = YES;
				CLANG_WARN_DIRECT_OBJC_ISA_USAGE = YES_ERROR;
				CLANG_WARN_EMPTY_BODY = YES;
				CLANG_WARN_ENUM_CONVERSION = YES;
				CLANG_WARN_INT_CONVERSION = YES;
				CLANG_WARN_OBJC_ROOT_CLASS = YES_ERROR;
				CLANG_WARN_UNREACHABLE_CODE = YES;
				CLANG_WARN__DUPLICATE_METHOD_MATCH = YES;
				"CODE_SIGN_IDENTITY[sdk=iphoneos*]" = "iPhone Developer";
				COPY_PHASE_STRIP = NO;
				DEBUG_INFORMATION_FORMAT = "dwarf-with-dsym";
				ENABLE_NS_ASSERTIONS = NO;
				ENABLE_STRICT_OBJC_MSGSEND = YES;
				GCC_C_LANGUAGE_STANDARD = gnu99;
				GCC_NO_COMMON_BLOCKS = YES;
				GCC_WARN_64_TO_32_BIT_CONVERSION = YES;
				GCC_WARN_ABOUT_RETURN_TYPE = YES_ERROR;
				GCC_WARN_UNDECLARED_SELECTOR = YES;
				GCC_WARN_UNINITIALIZED_AUTOS = YES_AGGRESSIVE;
				GCC_WARN_UNUSED_FUNCTION = YES;
				GCC_WARN_UNUSED_VARIABLE = YES;
				IPHONEOS_DEPLOYMENT_TARGET = 9.3;
				MTL_ENABLE_DEBUG_INFO = NO;
				SDKROOT = iphoneos;
				TARGETED_DEVICE_FAMILY = "1,2";
				VALIDATE_PRODUCT = YES;
			};
			name = Release;
		};
		4C1DEEF71D187DF000A7F42E /* Debug */ = {
			isa = XCBuildConfiguration;
			buildSettings = {
				ASSETCATALOG_COMPILER_APPICON_NAME = AppIcon;
				CODE_SIGN_ENTITLEMENTS = INSTGRM/INSTGRM.entitlements;
				INFOPLIST_FILE = INSTGRM/Info.plist;
				IPHONEOS_DEPLOYMENT_TARGET = 9.0;
				LD_RUNPATH_SEARCH_PATHS = "$(inherited) @executable_path/Frameworks";
				PRODUCT_BUNDLE_IDENTIFIER = sweeney.INSTGRM;
				PRODUCT_NAME = "$(TARGET_NAME)";
			};
			name = Debug;
		};
		4C1DEEF81D187DF000A7F42E /* Release */ = {
			isa = XCBuildConfiguration;
			buildSettings = {
				ASSETCATALOG_COMPILER_APPICON_NAME = AppIcon;
				CODE_SIGN_ENTITLEMENTS = INSTGRM/INSTGRM.entitlements;
				INFOPLIST_FILE = INSTGRM/Info.plist;
				IPHONEOS_DEPLOYMENT_TARGET = 9.0;
				LD_RUNPATH_SEARCH_PATHS = "$(inherited) @executable_path/Frameworks";
				PRODUCT_BUNDLE_IDENTIFIER = sweeney.INSTGRM;
				PRODUCT_NAME = "$(TARGET_NAME)";
			};
			name = Release;
		};
/* End XCBuildConfiguration section */

/* Begin XCConfigurationList section */
		4C1DEEDF1D187DF000A7F42E /* Build configuration list for PBXProject "INSTGRM" */ = {
			isa = XCConfigurationList;
			buildConfigurations = (
				4C1DEEF41D187DF000A7F42E /* Debug */,
				4C1DEEF51D187DF000A7F42E /* Release */,
			);
			defaultConfigurationIsVisible = 0;
			defaultConfigurationName = Release;
		};
		4C1DEEF61D187DF000A7F42E /* Build configuration list for PBXNativeTarget "INSTGRM" */ = {
			isa = XCConfigurationList;
			buildConfigurations = (
				4C1DEEF71D187DF000A7F42E /* Debug */,
				4C1DEEF81D187DF000A7F42E /* Release */,
			);
			defaultConfigurationIsVisible = 0;
			defaultConfigurationName = Release;
		};
/* End XCConfigurationList section */
	};
	rootObject = 4C1DEEDC1D187DF000A7F42E /* Project object */;
}
